
Microsoft Visual Studio Solution File, Format Version 12.00
# Visual Studio Version 16
VisualStudioVersion = 16.0.30330.147
MinimumVisualStudioVersion = 10.0.40219.1
Project("{2150E333-8FDC-42A3-9474-1A3956D46DE8}") = "ShopManagement", "ShopManagement", "{9A49861C-5510-4C10-AA60-A0B9E09EA86D}"
EndProject
Project("{2150E333-8FDC-42A3-9474-1A3956D46DE8}") = "SM.Domain", "SM.Domain", "{611AE763-334C-40ED-A71B-2481F8548DC4}"
EndProject
Project("{9A19103F-16F7-4668-BE54-9A1E7A4F7556}") = "ShopManagement.Domain", "ShopManagement.Domain\ShopManagement.Domain.csproj", "{C542644A-D7C7-4FA0-8496-CB6E9AA3C7DB}"
EndProject
Project("{9A19103F-16F7-4668-BE54-9A1E7A4F7556}") = "0-Framework", "0-Framework\0-Framework.csproj", "{7E3C0F52-BCAE-4B95-A885-A4C7523E9FAA}"
EndProject
Project("{2150E333-8FDC-42A3-9474-1A3956D46DE8}") = "SM.Application", "SM.Application", "{446E7449-E365-4163-8E9E-90B11DCF9443}"
EndProject
Project("{9A19103F-16F7-4668-BE54-9A1E7A4F7556}") = "ShopManagement.Application.Contracts", "ShopManagement.Application.Contracts\ShopManagement.Application.Contracts.csproj", "{2D882599-95F1-4BD5-9D6A-E7194E6145F2}"
EndProject
Project("{9A19103F-16F7-4668-BE54-9A1E7A4F7556}") = "ShopManagement.Application", "ShopManagement.Application\ShopManagement.Application.csproj", "{2366D896-A941-4F81-A5E6-42D5719CB9AD}"
EndProject
Project("{2150E333-8FDC-42A3-9474-1A3956D46DE8}") = "SM.Infrastructure", "SM.Infrastructure", "{EC54FF7A-B23F-40A4-B89B-AB0EE4FD77A0}"
EndProject
Project("{9A19103F-16F7-4668-BE54-9A1E7A4F7556}") = "ShopManagement.Infrastructure.EFCore", "ShopManagement.Infrastructure.EFCore\ShopManagement.Infrastructure.EFCore.csproj", "{2B5CFD48-A528-4F66-A44F-2278145090CD}"
EndProject
Project("{9A19103F-16F7-4668-BE54-9A1E7A4F7556}") = "ShopManagement.Config", "ShopManagement.Config\ShopManagement.Config.csproj", "{D687AD74-F715-4EE0-8028-E2EEB037850D}"
EndProject
Project("{9A19103F-16F7-4668-BE54-9A1E7A4F7556}") = "ServiceHost", "ServiceHost\ServiceHost.csproj", "{026BDA6D-0791-4FB2-8215-5E7D74384A96}"
EndProject
Project("{2150E333-8FDC-42A3-9474-1A3956D46DE8}") = "00-FrameWork", "00-FrameWork", "{A51C01C3-15F6-483B-B74E-42BB23F576FB}"
EndProject
Project("{2150E333-8FDC-42A3-9474-1A3956D46DE8}") = "01-Query", "01-Query", "{C50AAF42-335E-4CEB-BD09-AC940D8D78CE}"
EndProject
Project("{9A19103F-16F7-4668-BE54-9A1E7A4F7556}") = "Query", "Query\Query.csproj", "{7B31312C-5AA9-4AE4-8081-D2205CE6D642}"
EndProject
Project("{2150E333-8FDC-42A3-9474-1A3956D46DE8}") = "DiscountManagement", "DiscountManagement", "{3C2952AB-8CF3-473E-82C0-41F9BCB6094B}"
EndProject
Project("{2150E333-8FDC-42A3-9474-1A3956D46DE8}") = "DM.Domain", "DM.Domain", "{AF69FEAF-B0C2-4042-93FB-199331E673C1}"
EndProject
Project("{9A19103F-16F7-4668-BE54-9A1E7A4F7556}") = "DiscountManagement.Domain", "DiscountManagement.Domain\DiscountManagement.Domain.csproj", "{5B2EBB84-2D71-4791-B24B-95132E8C5DC2}"
EndProject
Project("{2150E333-8FDC-42A3-9474-1A3956D46DE8}") = "DM.Application", "DM.Application", "{303ADD6F-F08A-4E5A-A822-D5B9FDAA7E22}"
EndProject
Project("{9A19103F-16F7-4668-BE54-9A1E7A4F7556}") = "DiscountManagement.Application.Contracts", "DiscountManagement.Application.Contracts\DiscountManagement.Application.Contracts.csproj", "{4ECF4D9E-641A-4EDB-95BB-C30380426DB8}"
EndProject
Project("{9A19103F-16F7-4668-BE54-9A1E7A4F7556}") = "DiscountManagement.Application", "DiscountManagement.Application\DiscountManagement.Application.csproj", "{E0C9EC8C-8886-426C-84E3-82938846F266}"
EndProject
Project("{2150E333-8FDC-42A3-9474-1A3956D46DE8}") = "DM.Infrastructure", "DM.Infrastructure", "{35163530-E11A-4EF9-8A8C-97CD133F9A72}"
EndProject
Project("{9A19103F-16F7-4668-BE54-9A1E7A4F7556}") = "DiscountManagement.Infrastructure.EFCore", "DiscountManagement.Infrastructure.EFCore\DiscountManagement.Infrastructure.EFCore.csproj", "{28E760AF-EBC0-40DB-B7D9-7BBE260366B5}"
EndProject
Project("{9A19103F-16F7-4668-BE54-9A1E7A4F7556}") = "DiscountManagement.Infrastructure.Config", "DiscountManagement.Infrastructure.Config\DiscountManagement.Infrastructure.Config.csproj", "{1DF9EC27-7700-4DDE-9FCB-AA38930C827A}"
EndProject
Project("{2150E333-8FDC-42A3-9474-1A3956D46DE8}") = "InventoryManagement", "InventoryManagement", "{9BBA40B3-C6E0-4597-8C4B-35A35D8FB110}"
EndProject
Project("{9A19103F-16F7-4668-BE54-9A1E7A4F7556}") = "InventoryManagement.Domain", "InventoryManagement.Domain\InventoryManagement.Domain.csproj", "{64C34F9C-9FEA-426F-9071-988850906C49}"
EndProject
Project("{2150E333-8FDC-42A3-9474-1A3956D46DE8}") = "IM.Domain", "IM.Domain", "{0D967BAF-94B6-4CDC-A961-709F7F108B91}"
EndProject
Project("{2150E333-8FDC-42A3-9474-1A3956D46DE8}") = "IM.Application", "IM.Application", "{90C69178-BAE2-47D5-8B18-6D835047C32D}"
EndProject
Project("{9A19103F-16F7-4668-BE54-9A1E7A4F7556}") = "InventoryManagement.Application.Contracts", "InventoryManagement.Application.Contracts\InventoryManagement.Application.Contracts.csproj", "{AF2D0937-09CD-4B51-9381-6613966E3C69}"
EndProject
Project("{2150E333-8FDC-42A3-9474-1A3956D46DE8}") = "IM.Infrastructure", "IM.Infrastructure", "{572C52D3-63B4-41DF-B564-5D2C025F25D0}"
EndProject
Project("{9A19103F-16F7-4668-BE54-9A1E7A4F7556}") = "InventoryManagement.Infrastructure.EFCore", "InventoryManagement.Infrastructure.EFCore\InventoryManagement.Infrastructure.EFCore.csproj", "{08041520-6C1F-4CA3-A834-2853BA627B07}"
EndProject
Project("{9A19103F-16F7-4668-BE54-9A1E7A4F7556}") = "InventoryManagement.Infrastructure.Config", "InventoryManagement.Infrastructure.Config\InventoryManagement.Infrastructure.Config.csproj", "{0C5FC318-57F9-4D54-A1C8-1318A507F539}"
EndProject
Project("{9A19103F-16F7-4668-BE54-9A1E7A4F7556}") = "InventoryManagement.Application", "InventoryManagement.Application\InventoryManagement.Application.csproj", "{2FECAF8F-B57B-4915-92C9-28A2156928AE}"
EndProject
Project("{2150E333-8FDC-42A3-9474-1A3956D46DE8}") = "BlogManagement", "BlogManagement", "{049A03A3-EE91-48E7-9E61-CBC7CF1D0BC7}"
EndProject
Project("{2150E333-8FDC-42A3-9474-1A3956D46DE8}") = "BM.Application", "BM.Application", "{4D92BA94-2DFE-48BB-BF61-4ED33863E76C}"
EndProject
Project("{2150E333-8FDC-42A3-9474-1A3956D46DE8}") = "BM.Domain", "BM.Domain", "{CF3073FD-79AA-4922-9E1A-DA2BD575EE18}"
EndProject
Project("{2150E333-8FDC-42A3-9474-1A3956D46DE8}") = "BM.Infrastructure", "BM.Infrastructure", "{5840E9ED-0B14-4667-8123-90D6151355A6}"
EndProject
Project("{9A19103F-16F7-4668-BE54-9A1E7A4F7556}") = "BlogManagement.Domain", "BlogManagement.Domain\BlogManagement.Domain.csproj", "{E156E853-F074-46D1-9E0B-84AAD7B34B93}"
EndProject
Project("{9A19103F-16F7-4668-BE54-9A1E7A4F7556}") = "BlogManagement.Application.Contracts", "BlogManagement.Application.Contracts\BlogManagement.Application.Contracts.csproj", "{183F444C-0D5E-4FC5-9AB1-F066438EC59D}"
EndProject
Project("{9A19103F-16F7-4668-BE54-9A1E7A4F7556}") = "BlogManagement.Application", "BlogManagement.Application\BlogManagement.Application.csproj", "{A05C5426-2C46-4FA8-8C0E-DC2BBBF81D3B}"
EndProject
Project("{9A19103F-16F7-4668-BE54-9A1E7A4F7556}") = "BlogManagement.Infrastructure.Config", "BlogManagement.Infrastructure.Config\BlogManagement.Infrastructure.Config.csproj", "{F67878CC-202C-4A23-8F07-AC09DA1EB064}"
EndProject
Project("{9A19103F-16F7-4668-BE54-9A1E7A4F7556}") = "BlogManagement.Infrastructure.EFCore", "BlogManagement.Infrastructure.EFCore\BlogManagement.Infrastructure.EFCore.csproj", "{C32FB8FD-3A54-444D-83C2-685844CBFCBC}"
EndProject
Global
	GlobalSection(SolutionConfigurationPlatforms) = preSolution
		Debug|Any CPU = Debug|Any CPU
		Release|Any CPU = Release|Any CPU
	EndGlobalSection
	GlobalSection(ProjectConfigurationPlatforms) = postSolution
		{C542644A-D7C7-4FA0-8496-CB6E9AA3C7DB}.Debug|Any CPU.ActiveCfg = Debug|Any CPU
		{C542644A-D7C7-4FA0-8496-CB6E9AA3C7DB}.Debug|Any CPU.Build.0 = Debug|Any CPU
		{C542644A-D7C7-4FA0-8496-CB6E9AA3C7DB}.Release|Any CPU.ActiveCfg = Release|Any CPU
		{C542644A-D7C7-4FA0-8496-CB6E9AA3C7DB}.Release|Any CPU.Build.0 = Release|Any CPU
		{7E3C0F52-BCAE-4B95-A885-A4C7523E9FAA}.Debug|Any CPU.ActiveCfg = Debug|Any CPU
		{7E3C0F52-BCAE-4B95-A885-A4C7523E9FAA}.Debug|Any CPU.Build.0 = Debug|Any CPU
		{7E3C0F52-BCAE-4B95-A885-A4C7523E9FAA}.Release|Any CPU.ActiveCfg = Release|Any CPU
		{7E3C0F52-BCAE-4B95-A885-A4C7523E9FAA}.Release|Any CPU.Build.0 = Release|Any CPU
		{2D882599-95F1-4BD5-9D6A-E7194E6145F2}.Debug|Any CPU.ActiveCfg = Debug|Any CPU
		{2D882599-95F1-4BD5-9D6A-E7194E6145F2}.Debug|Any CPU.Build.0 = Debug|Any CPU
		{2D882599-95F1-4BD5-9D6A-E7194E6145F2}.Release|Any CPU.ActiveCfg = Release|Any CPU
		{2D882599-95F1-4BD5-9D6A-E7194E6145F2}.Release|Any CPU.Build.0 = Release|Any CPU
		{2366D896-A941-4F81-A5E6-42D5719CB9AD}.Debug|Any CPU.ActiveCfg = Debug|Any CPU
		{2366D896-A941-4F81-A5E6-42D5719CB9AD}.Debug|Any CPU.Build.0 = Debug|Any CPU
		{2366D896-A941-4F81-A5E6-42D5719CB9AD}.Release|Any CPU.ActiveCfg = Release|Any CPU
		{2366D896-A941-4F81-A5E6-42D5719CB9AD}.Release|Any CPU.Build.0 = Release|Any CPU
		{2B5CFD48-A528-4F66-A44F-2278145090CD}.Debug|Any CPU.ActiveCfg = Debug|Any CPU
		{2B5CFD48-A528-4F66-A44F-2278145090CD}.Debug|Any CPU.Build.0 = Debug|Any CPU
		{2B5CFD48-A528-4F66-A44F-2278145090CD}.Release|Any CPU.ActiveCfg = Release|Any CPU
		{2B5CFD48-A528-4F66-A44F-2278145090CD}.Release|Any CPU.Build.0 = Release|Any CPU
		{D687AD74-F715-4EE0-8028-E2EEB037850D}.Debug|Any CPU.ActiveCfg = Debug|Any CPU
		{D687AD74-F715-4EE0-8028-E2EEB037850D}.Debug|Any CPU.Build.0 = Debug|Any CPU
		{D687AD74-F715-4EE0-8028-E2EEB037850D}.Release|Any CPU.ActiveCfg = Release|Any CPU
		{D687AD74-F715-4EE0-8028-E2EEB037850D}.Release|Any CPU.Build.0 = Release|Any CPU
		{026BDA6D-0791-4FB2-8215-5E7D74384A96}.Debug|Any CPU.ActiveCfg = Debug|Any CPU
		{026BDA6D-0791-4FB2-8215-5E7D74384A96}.Debug|Any CPU.Build.0 = Debug|Any CPU
		{026BDA6D-0791-4FB2-8215-5E7D74384A96}.Release|Any CPU.ActiveCfg = Release|Any CPU
		{026BDA6D-0791-4FB2-8215-5E7D74384A96}.Release|Any CPU.Build.0 = Release|Any CPU
		{7B31312C-5AA9-4AE4-8081-D2205CE6D642}.Debug|Any CPU.ActiveCfg = Debug|Any CPU
		{7B31312C-5AA9-4AE4-8081-D2205CE6D642}.Debug|Any CPU.Build.0 = Debug|Any CPU
		{7B31312C-5AA9-4AE4-8081-D2205CE6D642}.Release|Any CPU.ActiveCfg = Release|Any CPU
		{7B31312C-5AA9-4AE4-8081-D2205CE6D642}.Release|Any CPU.Build.0 = Release|Any CPU
		{5B2EBB84-2D71-4791-B24B-95132E8C5DC2}.Debug|Any CPU.ActiveCfg = Debug|Any CPU
		{5B2EBB84-2D71-4791-B24B-95132E8C5DC2}.Debug|Any CPU.Build.0 = Debug|Any CPU
		{5B2EBB84-2D71-4791-B24B-95132E8C5DC2}.Release|Any CPU.ActiveCfg = Release|Any CPU
		{5B2EBB84-2D71-4791-B24B-95132E8C5DC2}.Release|Any CPU.Build.0 = Release|Any CPU
		{4ECF4D9E-641A-4EDB-95BB-C30380426DB8}.Debug|Any CPU.ActiveCfg = Debug|Any CPU
		{4ECF4D9E-641A-4EDB-95BB-C30380426DB8}.Debug|Any CPU.Build.0 = Debug|Any CPU
		{4ECF4D9E-641A-4EDB-95BB-C30380426DB8}.Release|Any CPU.ActiveCfg = Release|Any CPU
		{4ECF4D9E-641A-4EDB-95BB-C30380426DB8}.Release|Any CPU.Build.0 = Release|Any CPU
		{E0C9EC8C-8886-426C-84E3-82938846F266}.Debug|Any CPU.ActiveCfg = Debug|Any CPU
		{E0C9EC8C-8886-426C-84E3-82938846F266}.Debug|Any CPU.Build.0 = Debug|Any CPU
		{E0C9EC8C-8886-426C-84E3-82938846F266}.Release|Any CPU.ActiveCfg = Release|Any CPU
		{E0C9EC8C-8886-426C-84E3-82938846F266}.Release|Any CPU.Build.0 = Release|Any CPU
		{28E760AF-EBC0-40DB-B7D9-7BBE260366B5}.Debug|Any CPU.ActiveCfg = Debug|Any CPU
		{28E760AF-EBC0-40DB-B7D9-7BBE260366B5}.Debug|Any CPU.Build.0 = Debug|Any CPU
		{28E760AF-EBC0-40DB-B7D9-7BBE260366B5}.Release|Any CPU.ActiveCfg = Release|Any CPU
		{28E760AF-EBC0-40DB-B7D9-7BBE260366B5}.Release|Any CPU.Build.0 = Release|Any CPU
		{1DF9EC27-7700-4DDE-9FCB-AA38930C827A}.Debug|Any CPU.ActiveCfg = Debug|Any CPU
		{1DF9EC27-7700-4DDE-9FCB-AA38930C827A}.Debug|Any CPU.Build.0 = Debug|Any CPU
		{1DF9EC27-7700-4DDE-9FCB-AA38930C827A}.Release|Any CPU.ActiveCfg = Release|Any CPU
		{1DF9EC27-7700-4DDE-9FCB-AA38930C827A}.Release|Any CPU.Build.0 = Release|Any CPU
		{64C34F9C-9FEA-426F-9071-988850906C49}.Debug|Any CPU.ActiveCfg = Debug|Any CPU
		{64C34F9C-9FEA-426F-9071-988850906C49}.Debug|Any CPU.Build.0 = Debug|Any CPU
		{64C34F9C-9FEA-426F-9071-988850906C49}.Release|Any CPU.ActiveCfg = Release|Any CPU
		{64C34F9C-9FEA-426F-9071-988850906C49}.Release|Any CPU.Build.0 = Release|Any CPU
		{AF2D0937-09CD-4B51-9381-6613966E3C69}.Debug|Any CPU.ActiveCfg = Debug|Any CPU
		{AF2D0937-09CD-4B51-9381-6613966E3C69}.Debug|Any CPU.Build.0 = Debug|Any CPU
		{AF2D0937-09CD-4B51-9381-6613966E3C69}.Release|Any CPU.ActiveCfg = Release|Any CPU
		{AF2D0937-09CD-4B51-9381-6613966E3C69}.Release|Any CPU.Build.0 = Release|Any CPU
		{08041520-6C1F-4CA3-A834-2853BA627B07}.Debug|Any CPU.ActiveCfg = Debug|Any CPU
		{08041520-6C1F-4CA3-A834-2853BA627B07}.Debug|Any CPU.Build.0 = Debug|Any CPU
		{08041520-6C1F-4CA3-A834-2853BA627B07}.Release|Any CPU.ActiveCfg = Release|Any CPU
		{08041520-6C1F-4CA3-A834-2853BA627B07}.Release|Any CPU.Build.0 = Release|Any CPU
		{0C5FC318-57F9-4D54-A1C8-1318A507F539}.Debug|Any CPU.ActiveCfg = Debug|Any CPU
		{0C5FC318-57F9-4D54-A1C8-1318A507F539}.Debug|Any CPU.Build.0 = Debug|Any CPU
		{0C5FC318-57F9-4D54-A1C8-1318A507F539}.Release|Any CPU.ActiveCfg = Release|Any CPU
		{0C5FC318-57F9-4D54-A1C8-1318A507F539}.Release|Any CPU.Build.0 = Release|Any CPU
		{2FECAF8F-B57B-4915-92C9-28A2156928AE}.Debug|Any CPU.ActiveCfg = Debug|Any CPU
		{2FECAF8F-B57B-4915-92C9-28A2156928AE}.Debug|Any CPU.Build.0 = Debug|Any CPU
		{2FECAF8F-B57B-4915-92C9-28A2156928AE}.Release|Any CPU.ActiveCfg = Release|Any CPU
		{2FECAF8F-B57B-4915-92C9-28A2156928AE}.Release|Any CPU.Build.0 = Release|Any CPU
		{E156E853-F074-46D1-9E0B-84AAD7B34B93}.Debug|Any CPU.ActiveCfg = Debug|Any CPU
		{E156E853-F074-46D1-9E0B-84AAD7B34B93}.Debug|Any CPU.Build.0 = Debug|Any CPU
		{E156E853-F074-46D1-9E0B-84AAD7B34B93}.Release|Any CPU.ActiveCfg = Release|Any CPU
		{E156E853-F074-46D1-9E0B-84AAD7B34B93}.Release|Any CPU.Build.0 = Release|Any CPU
		{183F444C-0D5E-4FC5-9AB1-F066438EC59D}.Debug|Any CPU.ActiveCfg = Debug|Any CPU
		{183F444C-0D5E-4FC5-9AB1-F066438EC59D}.Debug|Any CPU.Build.0 = Debug|Any CPU
		{183F444C-0D5E-4FC5-9AB1-F066438EC59D}.Release|Any CPU.ActiveCfg = Release|Any CPU
		{183F444C-0D5E-4FC5-9AB1-F066438EC59D}.Release|Any CPU.Build.0 = Release|Any CPU
		{A05C5426-2C46-4FA8-8C0E-DC2BBBF81D3B}.Debug|Any CPU.ActiveCfg = Debug|Any CPU
		{A05C5426-2C46-4FA8-8C0E-DC2BBBF81D3B}.Debug|Any CPU.Build.0 = Debug|Any CPU
		{A05C5426-2C46-4FA8-8C0E-DC2BBBF81D3B}.Release|Any CPU.ActiveCfg = Release|Any CPU
		{A05C5426-2C46-4FA8-8C0E-DC2BBBF81D3B}.Release|Any CPU.Build.0 = Release|Any CPU
		{F67878CC-202C-4A23-8F07-AC09DA1EB064}.Debug|Any CPU.ActiveCfg = Debug|Any CPU
		{F67878CC-202C-4A23-8F07-AC09DA1EB064}.Debug|Any CPU.Build.0 = Debug|Any CPU
		{F67878CC-202C-4A23-8F07-AC09DA1EB064}.Release|Any CPU.ActiveCfg = Release|Any CPU
		{F67878CC-202C-4A23-8F07-AC09DA1EB064}.Release|Any CPU.Build.0 = Release|Any CPU
		{C32FB8FD-3A54-444D-83C2-685844CBFCBC}.Debug|Any CPU.ActiveCfg = Debug|Any CPU
		{C32FB8FD-3A54-444D-83C2-685844CBFCBC}.Debug|Any CPU.Build.0 = Debug|Any CPU
		{C32FB8FD-3A54-444D-83C2-685844CBFCBC}.Release|Any CPU.ActiveCfg = Release|Any CPU
		{C32FB8FD-3A54-444D-83C2-685844CBFCBC}.Release|Any CPU.Build.0 = Release|Any CPU
	EndGlobalSection
	GlobalSection(SolutionProperties) = preSolution
		HideSolutionNode = FALSE
	EndGlobalSection
	GlobalSection(NestedProjects) = preSolution
		{611AE763-334C-40ED-A71B-2481F8548DC4} = {9A49861C-5510-4C10-AA60-A0B9E09EA86D}
		{C542644A-D7C7-4FA0-8496-CB6E9AA3C7DB} = {611AE763-334C-40ED-A71B-2481F8548DC4}
		{7E3C0F52-BCAE-4B95-A885-A4C7523E9FAA} = {A51C01C3-15F6-483B-B74E-42BB23F576FB}
		{446E7449-E365-4163-8E9E-90B11DCF9443} = {9A49861C-5510-4C10-AA60-A0B9E09EA86D}
		{2D882599-95F1-4BD5-9D6A-E7194E6145F2} = {446E7449-E365-4163-8E9E-90B11DCF9443}
		{2366D896-A941-4F81-A5E6-42D5719CB9AD} = {446E7449-E365-4163-8E9E-90B11DCF9443}
		{EC54FF7A-B23F-40A4-B89B-AB0EE4FD77A0} = {9A49861C-5510-4C10-AA60-A0B9E09EA86D}
		{2B5CFD48-A528-4F66-A44F-2278145090CD} = {EC54FF7A-B23F-40A4-B89B-AB0EE4FD77A0}
		{D687AD74-F715-4EE0-8028-E2EEB037850D} = {EC54FF7A-B23F-40A4-B89B-AB0EE4FD77A0}
		{7B31312C-5AA9-4AE4-8081-D2205CE6D642} = {C50AAF42-335E-4CEB-BD09-AC940D8D78CE}
		{AF69FEAF-B0C2-4042-93FB-199331E673C1} = {3C2952AB-8CF3-473E-82C0-41F9BCB6094B}
		{5B2EBB84-2D71-4791-B24B-95132E8C5DC2} = {AF69FEAF-B0C2-4042-93FB-199331E673C1}
		{303ADD6F-F08A-4E5A-A822-D5B9FDAA7E22} = {3C2952AB-8CF3-473E-82C0-41F9BCB6094B}
		{4ECF4D9E-641A-4EDB-95BB-C30380426DB8} = {303ADD6F-F08A-4E5A-A822-D5B9FDAA7E22}
		{E0C9EC8C-8886-426C-84E3-82938846F266} = {303ADD6F-F08A-4E5A-A822-D5B9FDAA7E22}
		{35163530-E11A-4EF9-8A8C-97CD133F9A72} = {3C2952AB-8CF3-473E-82C0-41F9BCB6094B}
		{28E760AF-EBC0-40DB-B7D9-7BBE260366B5} = {35163530-E11A-4EF9-8A8C-97CD133F9A72}
		{1DF9EC27-7700-4DDE-9FCB-AA38930C827A} = {35163530-E11A-4EF9-8A8C-97CD133F9A72}
		{64C34F9C-9FEA-426F-9071-988850906C49} = {0D967BAF-94B6-4CDC-A961-709F7F108B91}
		{0D967BAF-94B6-4CDC-A961-709F7F108B91} = {9BBA40B3-C6E0-4597-8C4B-35A35D8FB110}
		{90C69178-BAE2-47D5-8B18-6D835047C32D} = {9BBA40B3-C6E0-4597-8C4B-35A35D8FB110}
		{AF2D0937-09CD-4B51-9381-6613966E3C69} = {90C69178-BAE2-47D5-8B18-6D835047C32D}
		{572C52D3-63B4-41DF-B564-5D2C025F25D0} = {9BBA40B3-C6E0-4597-8C4B-35A35D8FB110}
		{08041520-6C1F-4CA3-A834-2853BA627B07} = {572C52D3-63B4-41DF-B564-5D2C025F25D0}
		{0C5FC318-57F9-4D54-A1C8-1318A507F539} = {572C52D3-63B4-41DF-B564-5D2C025F25D0}
		{2FECAF8F-B57B-4915-92C9-28A2156928AE} = {90C69178-BAE2-47D5-8B18-6D835047C32D}
		{4D92BA94-2DFE-48BB-BF61-4ED33863E76C} = {049A03A3-EE91-48E7-9E61-CBC7CF1D0BC7}
		{CF3073FD-79AA-4922-9E1A-DA2BD575EE18} = {049A03A3-EE91-48E7-9E61-CBC7CF1D0BC7}
		{5840E9ED-0B14-4667-8123-90D6151355A6} = {049A03A3-EE91-48E7-9E61-CBC7CF1D0BC7}
		{E156E853-F074-46D1-9E0B-84AAD7B34B93} = {CF3073FD-79AA-4922-9E1A-DA2BD575EE18}
		{183F444C-0D5E-4FC5-9AB1-F066438EC59D} = {4D92BA94-2DFE-48BB-BF61-4ED33863E76C}
		{A05C5426-2C46-4FA8-8C0E-DC2BBBF81D3B} = {4D92BA94-2DFE-48BB-BF61-4ED33863E76C}
		{F67878CC-202C-4A23-8F07-AC09DA1EB064} = {5840E9ED-0B14-4667-8123-90D6151355A6}
		{C32FB8FD-3A54-444D-83C2-685844CBFCBC} = {5840E9ED-0B14-4667-8123-90D6151355A6}
	EndGlobalSection
	GlobalSection(ExtensibilityGlobals) = postSolution
		SolutionGuid = {8EEC4B50-A9E9-4517-868D-6A45AA650A74}
	EndGlobalSection
EndGlobal
